// !$*UTF8*$!
{
	archiveVersion = 1;
	classes = {
	};
	objectVersion = 60;
	objects = {

/* Begin PBXBuildFile section */
		0270985F80EAF4FA9EC8D88C /* OutputDimensionsTests.swift in Sources */ = {isa = PBXBuildFile; fileRef = 65D625536D9C33AA70444DC7 /* OutputDimensionsTests.swift */; };
		187942449E6C69079011F48C /* ImageIOGIFEncoderTests.swift in Sources */ = {isa = PBXBuildFile; fileRef = F5E180FE010685DFB30B642A /* ImageIOGIFEncoderTests.swift */; };
		7308F239B0640609E96EC0B3 /* BoundedFrameAdmissionTests.swift in Sources */ = {isa = PBXBuildFile; fileRef = 6B0BD0BFDA4F8A844573ECB8 /* BoundedFrameAdmissionTests.swift */; };
		8DF57803D9F32B8A888B9D26 /* RegionSelectionService.swift in Sources */ = {isa = PBXBuildFile; fileRef = 40BB56298842725F3E017389 /* RegionSelectionService.swift */; };
		955C039EE17DBBE74DAB812E /* TemporaryRecordingStore.swift in Sources */ = {isa = PBXBuildFile; fileRef = 5ACAC39186F16C6257EC578D /* TemporaryRecordingStore.swift */; };
		A0D12F570FE44843FE1459D6 /* RegionSelectionGeometryTests.swift in Sources */ = {isa = PBXBuildFile; fileRef = DC5C51DF1D9196242783FF4D /* RegionSelectionGeometryTests.swift */; };
		AE418EA13AF70271907035FB /* GIFFrameTimingTests.swift in Sources */ = {isa = PBXBuildFile; fileRef = A2032FF8054558F9A18529B9 /* GIFFrameTimingTests.swift */; };
		B056B33C207065997AF0C08B /* OutputDimensions.swift in Sources */ = {isa = PBXBuildFile; fileRef = 19924135C2BA27CD37CC624F /* OutputDimensions.swift */; };
		B55B3B222EB35D17EB321B7F /* RecordingCoordinator.swift in Sources */ = {isa = PBXBuildFile; fileRef = 4F0813B14E10A8420AB7F24B /* RecordingCoordinator.swift */; };
		B9477736BA2BD2ADC0AB138E /* ScreenCaptureRecordingSession.swift in Sources */ = {isa = PBXBuildFile; fileRef = 44516B2A4915833896694F0F /* ScreenCaptureRecordingSession.swift */; };
		BE039BA8EDD1A7488A8EB2E5 /* FileClipboardWriter.swift in Sources */ = {isa = PBXBuildFile; fileRef = 56846862311354214872DDE3 /* FileClipboardWriter.swift */; };
		BF3C8909740E8AB1DFE561F2 /* GIFFileExporter.swift in Sources */ = {isa = PBXBuildFile; fileRef = 8C500CEF92246D69DF91807E /* GIFFileExporter.swift */; };
		BF67EE31D3139115DCA6F061 /* GIFFrameTiming.swift in Sources */ = {isa = PBXBuildFile; fileRef = F41DB9C4DEC6D0B34D47B7B9 /* GIFFrameTiming.swift */; };
		C00000000000000000000011 /* GifJotApp.swift in Sources */ = {isa = PBXBuildFile; fileRef = B00000000000000000000011 /* GifJotApp.swift */; };
		C00000000000000000000012 /* RecordingStateMachine.swift in Sources */ = {isa = PBXBuildFile; fileRef = B00000000000000000000012 /* RecordingStateMachine.swift */; };
		C00000000000000000000013 /* RecordingSettings.swift in Sources */ = {isa = PBXBuildFile; fileRef = B00000000000000000000013 /* RecordingSettings.swift */; };
		C00000000000000000000014 /* SettingsStore.swift in Sources */ = {isa = PBXBuildFile; fileRef = B00000000000000000000014 /* SettingsStore.swift */; };
		C00000000000000000000015 /* SettingsView.swift in Sources */ = {isa = PBXBuildFile; fileRef = B00000000000000000000015 /* SettingsView.swift */; };
		C00000000000000000000016 /* RecordingStateMachineTests.swift in Sources */ = {isa = PBXBuildFile; fileRef = B00000000000000000000016 /* RecordingStateMachineTests.swift */; };
		C00000000000000000000017 /* SettingsStoreTests.swift in Sources */ = {isa = PBXBuildFile; fileRef = B00000000000000000000017 /* SettingsStoreTests.swift */; };
		C00000000000000000000018 /* AppDelegate.swift in Sources */ = {isa = PBXBuildFile; fileRef = B00000000000000000000018 /* AppDelegate.swift */; };
		C00000000000000000000019 /* CapturePermissionView.swift in Sources */ = {isa = PBXBuildFile; fileRef = B00000000000000000000019 /* CapturePermissionView.swift */; };
		C0000000000000000000001A /* CapturePermissionWindowController.swift in Sources */ = {isa = PBXBuildFile; fileRef = B0000000000000000000001A /* CapturePermissionWindowController.swift */; };
		C0000000000000000000001B /* CapturePermissionService.swift in Sources */ = {isa = PBXBuildFile; fileRef = B0000000000000000000001B /* CapturePermissionService.swift */; };
		C0000000000000000000001C /* CapturePermissionServiceTests.swift in Sources */ = {isa = PBXBuildFile; fileRef = B0000000000000000000001C /* CapturePermissionServiceTests.swift */; };
		C0000000000000000000001D /* CaptureDiagnosticModels.swift in Sources */ = {isa = PBXBuildFile; fileRef = B0000000000000000000001D /* CaptureDiagnosticModels.swift */; };
		C0000000000000000000001E /* ScreenCaptureDiagnosticSession.swift in Sources */ = {isa = PBXBuildFile; fileRef = B0000000000000000000001E /* ScreenCaptureDiagnosticSession.swift */; };
		C0000000000000000000001F /* ScreenCaptureDiagnosticService.swift in Sources */ = {isa = PBXBuildFile; fileRef = B0000000000000000000001F /* ScreenCaptureDiagnosticService.swift */; };
		C00000000000000000000020 /* CaptureDiagnosticAccumulatorTests.swift in Sources */ = {isa = PBXBuildFile; fileRef = B00000000000000000000020 /* CaptureDiagnosticAccumulatorTests.swift */; };
		C00000000000000000000021 /* GifJotDesign.swift in Sources */ = {isa = PBXBuildFile; fileRef = B00000000000000000000021 /* GifJotDesign.swift */; };
		C00000000000000000000022 /* GlobalShortcutService.swift in Sources */ = {isa = PBXBuildFile; fileRef = B00000000000000000000022 /* GlobalShortcutService.swift */; };
		C00000000000000000000023 /* RecordingHUDController.swift in Sources */ = {isa = PBXBuildFile; fileRef = B00000000000000000000023 /* RecordingHUDController.swift */; };
		C00000000000000000000024 /* RecordingHUDPlacementTests.swift in Sources */ = {isa = PBXBuildFile; fileRef = B00000000000000000000024 /* RecordingHUDPlacementTests.swift */; };
		C00000000000000000000025 /* ApplicationRelauncher.swift in Sources */ = {isa = PBXBuildFile; fileRef = B00000000000000000000025 /* ApplicationRelauncher.swift */; };
		C00000000000000000000026 /* ApplicationRelauncherTests.swift in Sources */ = {isa = PBXBuildFile; fileRef = B00000000000000000000026 /* ApplicationRelauncherTests.swift */; };
		C00000000000000000000027 /* RecentOutputStore.swift in Sources */ = {isa = PBXBuildFile; fileRef = B00000000000000000000027 /* RecentOutputStore.swift */; };
		C00000000000000000000028 /* RecentOutputStoreTests.swift in Sources */ = {isa = PBXBuildFile; fileRef = B00000000000000000000028 /* RecentOutputStoreTests.swift */; };
		C00000000000000000000029 /* Assets.xcassets in Resources */ = {isa = PBXBuildFile; fileRef = B00000000000000000000029 /* Assets.xcassets */; };
		D624BC0C09A5AF99230619F2 /* GIFFileExporterTests.swift in Sources */ = {isa = PBXBuildFile; fileRef = 88757E36953D20F46D92EA68 /* GIFFileExporterTests.swift */; };
		D68AD8C8F891FE09C4A7AD05 /* GIFEncoding.swift in Sources */ = {isa = PBXBuildFile; fileRef = D0EDCE2C5F9BAD4A364F5F5D /* GIFEncoding.swift */; };
		DFB54B12136FEA1B6CBD8CB6 /* RegionSelectionGeometry.swift in Sources */ = {isa = PBXBuildFile; fileRef = 92E0EA6C4061226F68BDD6C8 /* RegionSelectionGeometry.swift */; };
		EB3921C1EC7796C8716AC219 /* RecordingFilenameGeneratorTests.swift in Sources */ = {isa = PBXBuildFile; fileRef = 582759B3104D8BA4CFFBA3AC /* RecordingFilenameGeneratorTests.swift */; };
		EB83D4266D2A9F9445BD6E61 /* RecordingFramePipeline.swift in Sources */ = {isa = PBXBuildFile; fileRef = 32620316BA7DC674D34471AA /* RecordingFramePipeline.swift */; };
		FF979EB5A8785E81FF2465EC /* RecordingStreamStateTests.swift in Sources */ = {isa = PBXBuildFile; fileRef = 78B67474FE9028DA29AD0C44 /* RecordingStreamStateTests.swift */; };
/* End PBXBuildFile section */

/* Begin PBXContainerItemProxy section */
		F00000000000000000000002 /* PBXContainerItemProxy */ = {
			isa = PBXContainerItemProxy;
			containerPortal = A00000000000000000000001 /* Project object */;
			proxyType = 1;
			remoteGlobalIDString = E00000000000000000000001;
			remoteInfo = GifJot;
		};
/* End PBXContainerItemProxy section */

/* Begin PBXFileReference section */
		19924135C2BA27CD37CC624F /* OutputDimensions.swift */ = {isa = PBXFileReference; includeInIndex = 1; lastKnownFileType = sourcecode.swift; path = OutputDimensions.swift; sourceTree = "<group>"; };
		32620316BA7DC674D34471AA /* RecordingFramePipeline.swift */ = {isa = PBXFileReference; includeInIndex = 1; lastKnownFileType = sourcecode.swift; path = RecordingFramePipeline.swift; sourceTree = "<group>"; };
		40BB56298842725F3E017389 /* RegionSelectionService.swift */ = {isa = PBXFileReference; includeInIndex = 1; lastKnownFileType = sourcecode.swift; path = RegionSelectionService.swift; sourceTree = "<group>"; };
		44516B2A4915833896694F0F /* ScreenCaptureRecordingSession.swift */ = {isa = PBXFileReference; includeInIndex = 1; lastKnownFileType = sourcecode.swift; path = ScreenCaptureRecordingSession.swift; sourceTree = "<group>"; };
		4F0813B14E10A8420AB7F24B /* RecordingCoordinator.swift */ = {isa = PBXFileReference; includeInIndex = 1; lastKnownFileType = sourcecode.swift; path = RecordingCoordinator.swift; sourceTree = "<group>"; };
		56846862311354214872DDE3 /* FileClipboardWriter.swift */ = {isa = PBXFileReference; includeInIndex = 1; lastKnownFileType = sourcecode.swift; path = FileClipboardWriter.swift; sourceTree = "<group>"; };
		582759B3104D8BA4CFFBA3AC /* RecordingFilenameGeneratorTests.swift */ = {isa = PBXFileReference; includeInIndex = 1; lastKnownFileType = sourcecode.swift; path = RecordingFilenameGeneratorTests.swift; sourceTree = "<group>"; };
		5ACAC39186F16C6257EC578D /* TemporaryRecordingStore.swift */ = {isa = PBXFileReference; includeInIndex = 1; lastKnownFileType = sourcecode.swift; path = TemporaryRecordingStore.swift; sourceTree = "<group>"; };
		65D625536D9C33AA70444DC7 /* OutputDimensionsTests.swift */ = {isa = PBXFileReference; includeInIndex = 1; lastKnownFileType = sourcecode.swift; path = OutputDimensionsTests.swift; sourceTree = "<group>"; };
		6B0BD0BFDA4F8A844573ECB8 /* BoundedFrameAdmissionTests.swift */ = {isa = PBXFileReference; includeInIndex = 1; lastKnownFileType = sourcecode.swift; path = BoundedFrameAdmissionTests.swift; sourceTree = "<group>"; };
		78B67474FE9028DA29AD0C44 /* RecordingStreamStateTests.swift */ = {isa = PBXFileReference; includeInIndex = 1; lastKnownFileType = sourcecode.swift; path = RecordingStreamStateTests.swift; sourceTree = "<group>"; };
		88757E36953D20F46D92EA68 /* GIFFileExporterTests.swift */ = {isa = PBXFileReference; includeInIndex = 1; lastKnownFileType = sourcecode.swift; path = GIFFileExporterTests.swift; sourceTree = "<group>"; };
		8C500CEF92246D69DF91807E /* GIFFileExporter.swift */ = {isa = PBXFileReference; includeInIndex = 1; lastKnownFileType = sourcecode.swift; path = GIFFileExporter.swift; sourceTree = "<group>"; };
		92E0EA6C4061226F68BDD6C8 /* RegionSelectionGeometry.swift */ = {isa = PBXFileReference; includeInIndex = 1; lastKnownFileType = sourcecode.swift; path = RegionSelectionGeometry.swift; sourceTree = "<group>"; };
		A2032FF8054558F9A18529B9 /* GIFFrameTimingTests.swift */ = {isa = PBXFileReference; includeInIndex = 1; lastKnownFileType = sourcecode.swift; path = GIFFrameTimingTests.swift; sourceTree = "<group>"; };
		B00000000000000000000001 /* GifJot.app */ = {isa = PBXFileReference; explicitFileType = wrapper.application; includeInIndex = 0; path = GifJot.app; sourceTree = BUILT_PRODUCTS_DIR; };
		B00000000000000000000002 /* GifJotTests.xctest */ = {isa = PBXFileReference; explicitFileType = wrapper.cfbundle; includeInIndex = 0; path = GifJotTests.xctest; sourceTree = BUILT_PRODUCTS_DIR; };
		B00000000000000000000010 /* Info.plist */ = {isa = PBXFileReference; lastKnownFileType = text.plist.xml; path = Info.plist; sourceTree = "<group>"; };
		B00000000000000000000011 /* GifJotApp.swift */ = {isa = PBXFileReference; lastKnownFileType = sourcecode.swift; path = GifJotApp.swift; sourceTree = "<group>"; };
		B00000000000000000000012 /* RecordingStateMachine.swift */ = {isa = PBXFileReference; lastKnownFileType = sourcecode.swift; path = RecordingStateMachine.swift; sourceTree = "<group>"; };
		B00000000000000000000013 /* RecordingSettings.swift */ = {isa = PBXFileReference; lastKnownFileType = sourcecode.swift; path = RecordingSettings.swift; sourceTree = "<group>"; };
		B00000000000000000000014 /* SettingsStore.swift */ = {isa = PBXFileReference; lastKnownFileType = sourcecode.swift; path = SettingsStore.swift; sourceTree = "<group>"; };
		B00000000000000000000015 /* SettingsView.swift */ = {isa = PBXFileReference; lastKnownFileType = sourcecode.swift; path = SettingsView.swift; sourceTree = "<group>"; };
		B00000000000000000000016 /* RecordingStateMachineTests.swift */ = {isa = PBXFileReference; lastKnownFileType = sourcecode.swift; path = RecordingStateMachineTests.swift; sourceTree = "<group>"; };
		B00000000000000000000017 /* SettingsStoreTests.swift */ = {isa = PBXFileReference; lastKnownFileType = sourcecode.swift; path = SettingsStoreTests.swift; sourceTree = "<group>"; };
		B00000000000000000000018 /* AppDelegate.swift */ = {isa = PBXFileReference; lastKnownFileType = sourcecode.swift; path = AppDelegate.swift; sourceTree = "<group>"; };
		B00000000000000000000019 /* CapturePermissionView.swift */ = {isa = PBXFileReference; lastKnownFileType = sourcecode.swift; path = CapturePermissionView.swift; sourceTree = "<group>"; };
		B0000000000000000000001A /* CapturePermissionWindowController.swift */ = {isa = PBXFileReference; lastKnownFileType = sourcecode.swift; path = CapturePermissionWindowController.swift; sourceTree = "<group>"; };
		B0000000000000000000001B /* CapturePermissionService.swift */ = {isa = PBXFileReference; lastKnownFileType = sourcecode.swift; path = CapturePermissionService.swift; sourceTree = "<group>"; };
		B0000000000000000000001C /* CapturePermissionServiceTests.swift */ = {isa = PBXFileReference; lastKnownFileType = sourcecode.swift; path = CapturePermissionServiceTests.swift; sourceTree = "<group>"; };
		B0000000000000000000001D /* CaptureDiagnosticModels.swift */ = {isa = PBXFileReference; lastKnownFileType = sourcecode.swift; path = CaptureDiagnosticModels.swift; sourceTree = "<group>"; };
		B0000000000000000000001E /* ScreenCaptureDiagnosticSession.swift */ = {isa = PBXFileReference; lastKnownFileType = sourcecode.swift; path = ScreenCaptureDiagnosticSession.swift; sourceTree = "<group>"; };
		B0000000000000000000001F /* ScreenCaptureDiagnosticService.swift */ = {isa = PBXFileReference; lastKnownFileType = sourcecode.swift; path = ScreenCaptureDiagnosticService.swift; sourceTree = "<group>"; };
		B00000000000000000000020 /* CaptureDiagnosticAccumulatorTests.swift */ = {isa = PBXFileReference; lastKnownFileType = sourcecode.swift; path = CaptureDiagnosticAccumulatorTests.swift; sourceTree = "<group>"; };
		B00000000000000000000021 /* GifJotDesign.swift */ = {isa = PBXFileReference; lastKnownFileType = sourcecode.swift; path = GifJotDesign.swift; sourceTree = "<group>"; };
		B00000000000000000000022 /* GlobalShortcutService.swift */ = {isa = PBXFileReference; lastKnownFileType = sourcecode.swift; path = GlobalShortcutService.swift; sourceTree = "<group>"; };
		B00000000000000000000023 /* RecordingHUDController.swift */ = {isa = PBXFileReference; lastKnownFileType = sourcecode.swift; path = RecordingHUDController.swift; sourceTree = "<group>"; };
		B00000000000000000000024 /* RecordingHUDPlacementTests.swift */ = {isa = PBXFileReference; lastKnownFileType = sourcecode.swift; path = RecordingHUDPlacementTests.swift; sourceTree = "<group>"; };
		B00000000000000000000025 /* ApplicationRelauncher.swift */ = {isa = PBXFileReference; lastKnownFileType = sourcecode.swift; path = ApplicationRelauncher.swift; sourceTree = "<group>"; };
		B00000000000000000000026 /* ApplicationRelauncherTests.swift */ = {isa = PBXFileReference; lastKnownFileType = sourcecode.swift; path = ApplicationRelauncherTests.swift; sourceTree = "<group>"; };
		B00000000000000000000027 /* RecentOutputStore.swift */ = {isa = PBXFileReference; lastKnownFileType = sourcecode.swift; path = RecentOutputStore.swift; sourceTree = "<group>"; };
		B00000000000000000000028 /* RecentOutputStoreTests.swift */ = {isa = PBXFileReference; lastKnownFileType = sourcecode.swift; path = RecentOutputStoreTests.swift; sourceTree = "<group>"; };
		B00000000000000000000029 /* Assets.xcassets */ = {isa = PBXFileReference; lastKnownFileType = folder.assetcatalog; path = Assets.xcassets; sourceTree = "<group>"; };
		D0EDCE2C5F9BAD4A364F5F5D /* GIFEncoding.swift */ = {isa = PBXFileReference; includeInIndex = 1; lastKnownFileType = sourcecode.swift; path = GIFEncoding.swift; sourceTree = "<group>"; };
		DC5C51DF1D9196242783FF4D /* RegionSelectionGeometryTests.swift */ = {isa = PBXFileReference; includeInIndex = 1; lastKnownFileType = sourcecode.swift; path = RegionSelectionGeometryTests.swift; sourceTree = "<group>"; };
		F41DB9C4DEC6D0B34D47B7B9 /* GIFFrameTiming.swift */ = {isa = PBXFileReference; includeInIndex = 1; lastKnownFileType = sourcecode.swift; path = GIFFrameTiming.swift; sourceTree = "<group>"; };
		F5E180FE010685DFB30B642A /* ImageIOGIFEncoderTests.swift */ = {isa = PBXFileReference; includeInIndex = 1; lastKnownFileType = sourcecode.swift; path = ImageIOGIFEncoderTests.swift; sourceTree = "<group>"; };
/* End PBXFileReference section */

/* Begin PBXFrameworksBuildPhase section */
		D00000000000000000000003 /* Frameworks */ = {
			isa = PBXFrameworksBuildPhase;
			buildActionMask = 2147483647;
			files = (
			);
			runOnlyForDeploymentPostprocessing = 0;
		};
		D00000000000000000000013 /* Frameworks */ = {
			isa = PBXFrameworksBuildPhase;
			buildActionMask = 2147483647;
			files = (
			);
			runOnlyForDeploymentPostprocessing = 0;
		};
/* End PBXFrameworksBuildPhase section */

/* Begin PBXGroup section */
		A00000000000000000000002 = {
			isa = PBXGroup;
			children = (
				A00000000000000000000004 /* GifJot */,
				A00000000000000000000008 /* GifJotTests */,
				A00000000000000000000003 /* Products */,
			);
			sourceTree = "<group>";
		};
		A00000000000000000000003 /* Products */ = {
			isa = PBXGroup;
			children = (
				B00000000000000000000001 /* GifJot.app */,
				B00000000000000000000002 /* GifJotTests.xctest */,
			);
			name = Products;
			sourceTree = "<group>";
		};
		A00000000000000000000004 /* GifJot */ = {
			isa = PBXGroup;
			children = (
				A00000000000000000000005 /* App */,
				A00000000000000000000009 /* Capture */,
				A00000000000000000000006 /* Recording */,
				A00000000000000000000007 /* Settings */,
				A0000000000000000000000A /* Resources */,
				B00000000000000000000010 /* Info.plist */,
				B00A637057BDACFF173AED93 /* Export */,
			);
			path = GifJot;
			sourceTree = "<group>";
		};
		A00000000000000000000005 /* App */ = {
			isa = PBXGroup;
			children = (
				B00000000000000000000011 /* GifJotApp.swift */,
				B00000000000000000000018 /* AppDelegate.swift */,
				B00000000000000000000019 /* CapturePermissionView.swift */,
				B0000000000000000000001A /* CapturePermissionWindowController.swift */,
				4F0813B14E10A8420AB7F24B /* RecordingCoordinator.swift */,
				B00000000000000000000021 /* GifJotDesign.swift */,
				B00000000000000000000022 /* GlobalShortcutService.swift */,
				B00000000000000000000023 /* RecordingHUDController.swift */,
				B00000000000000000000025 /* ApplicationRelauncher.swift */,
			);
			path = App;
			sourceTree = "<group>";
		};
		A0000000000000000000000A /* Resources */ = {
			isa = PBXGroup;
			children = (
				B00000000000000000000029 /* Assets.xcassets */,
			);
			path = Resources;
			sourceTree = "<group>";
		};
		A00000000000000000000006 /* Recording */ = {
			isa = PBXGroup;
			children = (
				B00000000000000000000012 /* RecordingStateMachine.swift */,
				19924135C2BA27CD37CC624F /* OutputDimensions.swift */,
				F41DB9C4DEC6D0B34D47B7B9 /* GIFFrameTiming.swift */,
				5ACAC39186F16C6257EC578D /* TemporaryRecordingStore.swift */,
				D0EDCE2C5F9BAD4A364F5F5D /* GIFEncoding.swift */,
				32620316BA7DC674D34471AA /* RecordingFramePipeline.swift */,
			);
			path = Recording;
			sourceTree = "<group>";
		};
		A00000000000000000000007 /* Settings */ = {
			isa = PBXGroup;
			children = (
				B00000000000000000000013 /* RecordingSettings.swift */,
				B00000000000000000000014 /* SettingsStore.swift */,
				B00000000000000000000015 /* SettingsView.swift */,
			);
			path = Settings;
			sourceTree = "<group>";
		};
		A00000000000000000000008 /* GifJotTests */ = {
			isa = PBXGroup;
			children = (
				B00000000000000000000020 /* CaptureDiagnosticAccumulatorTests.swift */,
				B0000000000000000000001C /* CapturePermissionServiceTests.swift */,
				B00000000000000000000016 /* RecordingStateMachineTests.swift */,
				B00000000000000000000017 /* SettingsStoreTests.swift */,
				DC5C51DF1D9196242783FF4D /* RegionSelectionGeometryTests.swift */,
				65D625536D9C33AA70444DC7 /* OutputDimensionsTests.swift */,
				A2032FF8054558F9A18529B9 /* GIFFrameTimingTests.swift */,
				582759B3104D8BA4CFFBA3AC /* RecordingFilenameGeneratorTests.swift */,
				F5E180FE010685DFB30B642A /* ImageIOGIFEncoderTests.swift */,
				6B0BD0BFDA4F8A844573ECB8 /* BoundedFrameAdmissionTests.swift */,
				88757E36953D20F46D92EA68 /* GIFFileExporterTests.swift */,
				78B67474FE9028DA29AD0C44 /* RecordingStreamStateTests.swift */,
				B00000000000000000000024 /* RecordingHUDPlacementTests.swift */,
				B00000000000000000000026 /* ApplicationRelauncherTests.swift */,
				B00000000000000000000028 /* RecentOutputStoreTests.swift */,
			);
			path = GifJotTests;
			sourceTree = "<group>";
		};
		A00000000000000000000009 /* Capture */ = {
			isa = PBXGroup;
			children = (
				B0000000000000000000001D /* CaptureDiagnosticModels.swift */,
				B0000000000000000000001B /* CapturePermissionService.swift */,
				B0000000000000000000001E /* ScreenCaptureDiagnosticSession.swift */,
				B0000000000000000000001F /* ScreenCaptureDiagnosticService.swift */,
				92E0EA6C4061226F68BDD6C8 /* RegionSelectionGeometry.swift */,
				40BB56298842725F3E017389 /* RegionSelectionService.swift */,
				44516B2A4915833896694F0F /* ScreenCaptureRecordingSession.swift */,
			);
			path = Capture;
			sourceTree = "<group>";
		};
		B00A637057BDACFF173AED93 /* Export */ = {
			isa = PBXGroup;
			children = (
				8C500CEF92246D69DF91807E /* GIFFileExporter.swift */,
				56846862311354214872DDE3 /* FileClipboardWriter.swift */,
				B00000000000000000000027 /* RecentOutputStore.swift */,
			);
			name = Export;
			path = Export;
			sourceTree = "<group>";
		};
/* End PBXGroup section */

/* Begin PBXNativeTarget section */
		E00000000000000000000001 /* GifJot */ = {
			isa = PBXNativeTarget;
			buildConfigurationList = G00000000000000000000002 /* Build configuration list for PBXNativeTarget "GifJot" */;
			buildPhases = (
				D00000000000000000000001 /* Sources */,
				D00000000000000000000003 /* Frameworks */,
				D00000000000000000000002 /* Resources */,
			);
			buildRules = (
			);
			dependencies = (
			);
			name = GifJot;
			productName = GifJot;
			productReference = B00000000000000000000001 /* GifJot.app */;
			productType = "com.apple.product-type.application";
		};
		E00000000000000000000002 /* GifJotTests */ = {
			isa = PBXNativeTarget;
			buildConfigurationList = G00000000000000000000003 /* Build configuration list for PBXNativeTarget "GifJotTests" */;
			buildPhases = (
				D00000000000000000000011 /* Sources */,
				D00000000000000000000013 /* Frameworks */,
				D00000000000000000000012 /* Resources */,
			);
			buildRules = (
			);
			dependencies = (
				F00000000000000000000001 /* PBXTargetDependency */,
			);
			name = GifJotTests;
			productName = GifJotTests;
			productReference = B00000000000000000000002 /* GifJotTests.xctest */;
			productType = "com.apple.product-type.bundle.unit-test";
		};
/* End PBXNativeTarget section */

/* Begin PBXProject section */
		A00000000000000000000001 /* Project object */ = {
			isa = PBXProject;
			attributes = {
				BuildIndependentTargetsInParallel = 1;
				LastSwiftUpdateCheck = 1600;
				LastUpgradeCheck = 1600;
				TargetAttributes = {
					E00000000000000000000001 = {
						CreatedOnToolsVersion = 16.0;
					};
					E00000000000000000000002 = {
						CreatedOnToolsVersion = 16.0;
						TestTargetID = E00000000000000000000001;
					};
				};
			};
			buildConfigurationList = G00000000000000000000001 /* Build configuration list for PBXProject "GifJot" */;
			compatibilityVersion = "Xcode 15.0";
			developmentRegion = en;
			hasScannedForEncodings = 0;
			knownRegions = (
				en,
				Base,
			);
			mainGroup = A00000000000000000000002;
			productRefGroup = A00000000000000000000003 /* Products */;
			projectDirPath = "";
			projectRoot = "";
			targets = (
				E00000000000000000000001 /* GifJot */,
				E00000000000000000000002 /* GifJotTests */,
			);
		};
/* End PBXProject section */

/* Begin PBXResourcesBuildPhase section */
		D00000000000000000000002 /* Resources */ = {
			isa = PBXResourcesBuildPhase;
			buildActionMask = 2147483647;
			files = (
				C00000000000000000000029 /* Assets.xcassets in Resources */,
			);
			runOnlyForDeploymentPostprocessing = 0;
		};
		D00000000000000000000012 /* Resources */ = {
			isa = PBXResourcesBuildPhase;
			buildActionMask = 2147483647;
			files = (
			);
			runOnlyForDeploymentPostprocessing = 0;
		};
/* End PBXResourcesBuildPhase section */

/* Begin PBXSourcesBuildPhase section */
		D00000000000000000000001 /* Sources */ = {
			isa = PBXSourcesBuildPhase;
			buildActionMask = 2147483647;
			files = (
				C00000000000000000000011 /* GifJotApp.swift in Sources */,
				C00000000000000000000018 /* AppDelegate.swift in Sources */,
				C00000000000000000000019 /* CapturePermissionView.swift in Sources */,
				C0000000000000000000001A /* CapturePermissionWindowController.swift in Sources */,
				C0000000000000000000001B /* CapturePermissionService.swift in Sources */,
				C0000000000000000000001D /* CaptureDiagnosticModels.swift in Sources */,
				C0000000000000000000001E /* ScreenCaptureDiagnosticSession.swift in Sources */,
				C0000000000000000000001F /* ScreenCaptureDiagnosticService.swift in Sources */,
				C00000000000000000000012 /* RecordingStateMachine.swift in Sources */,
				C00000000000000000000013 /* RecordingSettings.swift in Sources */,
				C00000000000000000000014 /* SettingsStore.swift in Sources */,
				C00000000000000000000015 /* SettingsView.swift in Sources */,
				DFB54B12136FEA1B6CBD8CB6 /* RegionSelectionGeometry.swift in Sources */,
				8DF57803D9F32B8A888B9D26 /* RegionSelectionService.swift in Sources */,
				B056B33C207065997AF0C08B /* OutputDimensions.swift in Sources */,
				BF67EE31D3139115DCA6F061 /* GIFFrameTiming.swift in Sources */,
				955C039EE17DBBE74DAB812E /* TemporaryRecordingStore.swift in Sources */,
				D68AD8C8F891FE09C4A7AD05 /* GIFEncoding.swift in Sources */,
				BF3C8909740E8AB1DFE561F2 /* GIFFileExporter.swift in Sources */,
				EB83D4266D2A9F9445BD6E61 /* RecordingFramePipeline.swift in Sources */,
				B9477736BA2BD2ADC0AB138E /* ScreenCaptureRecordingSession.swift in Sources */,
				B55B3B222EB35D17EB321B7F /* RecordingCoordinator.swift in Sources */,
				BE039BA8EDD1A7488A8EB2E5 /* FileClipboardWriter.swift in Sources */,
				C00000000000000000000021 /* GifJotDesign.swift in Sources */,
				C00000000000000000000022 /* GlobalShortcutService.swift in Sources */,
				C00000000000000000000023 /* RecordingHUDController.swift in Sources */,
				C00000000000000000000025 /* ApplicationRelauncher.swift in Sources */,
				C00000000000000000000027 /* RecentOutputStore.swift in Sources */,
			);
			runOnlyForDeploymentPostprocessing = 0;
		};
		D00000000000000000000011 /* Sources */ = {
			isa = PBXSourcesBuildPhase;
			buildActionMask = 2147483647;
			files = (
				C00000000000000000000020 /* CaptureDiagnosticAccumulatorTests.swift in Sources */,
				C0000000000000000000001C /* CapturePermissionServiceTests.swift in Sources */,
				C00000000000000000000016 /* RecordingStateMachineTests.swift in Sources */,
				C00000000000000000000017 /* SettingsStoreTests.swift in Sources */,
				A0D12F570FE44843FE1459D6 /* RegionSelectionGeometryTests.swift in Sources */,
				0270985F80EAF4FA9EC8D88C /* OutputDimensionsTests.swift in Sources */,
				AE418EA13AF70271907035FB /* GIFFrameTimingTests.swift in Sources */,
				EB3921C1EC7796C8716AC219 /* RecordingFilenameGeneratorTests.swift in Sources */,
				187942449E6C69079011F48C /* ImageIOGIFEncoderTests.swift in Sources */,
				7308F239B0640609E96EC0B3 /* BoundedFrameAdmissionTests.swift in Sources */,
				D624BC0C09A5AF99230619F2 /* GIFFileExporterTests.swift in Sources */,
				FF979EB5A8785E81FF2465EC /* RecordingStreamStateTests.swift in Sources */,
				C00000000000000000000024 /* RecordingHUDPlacementTests.swift in Sources */,
				C00000000000000000000026 /* ApplicationRelauncherTests.swift in Sources */,
				C00000000000000000000028 /* RecentOutputStoreTests.swift in Sources */,
			);
			runOnlyForDeploymentPostprocessing = 0;
		};
/* End PBXSourcesBuildPhase section */

/* Begin PBXTargetDependency section */
		F00000000000000000000001 /* PBXTargetDependency */ = {
			isa = PBXTargetDependency;
			target = E00000000000000000000001 /* GifJot */;
			targetProxy = F00000000000000000000002 /* PBXContainerItemProxy */;
		};
/* End PBXTargetDependency section */

/* Begin XCBuildConfiguration section */
		H00000000000000000000001 /* Debug */ = {
			isa = XCBuildConfiguration;
			buildSettings = {
				ALWAYS_SEARCH_USER_PATHS = NO;
				CLANG_ANALYZER_NONNULL = YES;
				CLANG_ANALYZER_NUMBER_OBJECT_CONVERSION = YES_AGGRESSIVE;
				CLANG_CXX_LANGUAGE_STANDARD = "gnu++20";
				CLANG_ENABLE_MODULES = YES;
				CLANG_ENABLE_OBJC_ARC = YES;
				CLANG_WARN_BLOCK_CAPTURE_AUTORELEASING = YES;
				CLANG_WARN_BOOL_CONVERSION = YES;
				CLANG_WARN_COMMA = YES;
				CLANG_WARN_CONSTANT_CONVERSION = YES;
				CLANG_WARN_DEPRECATED_OBJC_IMPLEMENTATIONS = YES;
				CLANG_WARN_DIRECT_OBJC_ISA_USAGE = YES_ERROR;
				CLANG_WARN_DOCUMENTATION_COMMENTS = YES;
				CLANG_WARN_EMPTY_BODY = YES;
				CLANG_WARN_ENUM_CONVERSION = YES;
				CLANG_WARN_INFINITE_RECURSION = YES;
				CLANG_WARN_INT_CONVERSION = YES;
				CLANG_WARN_NON_LITERAL_NULL_CONVERSION = YES;
				CLANG_WARN_OBJC_IMPLICIT_RETAIN_SELF = YES;
				CLANG_WARN_OBJC_LITERAL_CONVERSION = YES;
				CLANG_WARN_OBJC_ROOT_CLASS = YES_ERROR;
				CLANG_WARN_QUOTED_INCLUDE_IN_FRAMEWORK_HEADER = YES;
				CLANG_WARN_RANGE_LOOP_ANALYSIS = YES;
				CLANG_WARN_STRICT_PROTOTYPES = YES;
				CLANG_WARN_SUSPICIOUS_MOVE = YES;
				CLANG_WARN_UNGUARDED_AVAILABILITY = YES_AGGRESSIVE;
				CLANG_WARN_UNREACHABLE_CODE = YES;
				CLANG_WARN__DUPLICATE_METHOD_MATCH = YES;
				COPY_PHASE_STRIP = NO;
				DEBUG_INFORMATION_FORMAT = dwarf;
				ENABLE_STRICT_OBJC_MSGSEND = YES;
				ENABLE_TESTABILITY = YES;
				ENABLE_USER_SCRIPT_SANDBOXING = YES;
				GCC_C_LANGUAGE_STANDARD = gnu17;
				GCC_NO_COMMON_BLOCKS = YES;
				GCC_OPTIMIZATION_LEVEL = 0;
				GCC_PREPROCESSOR_DEFINITIONS = (
					"DEBUG=1",
					"$(inherited)",
				);
				MACOSX_DEPLOYMENT_TARGET = 14.0;
				MTL_ENABLE_DEBUG_INFO = INCLUDE_SOURCE;
				MTL_FAST_MATH = YES;
				ONLY_ACTIVE_ARCH = YES;
				SDKROOT = macosx;
				SWIFT_ACTIVE_COMPILATION_CONDITIONS = DEBUG;
				SWIFT_OPTIMIZATION_LEVEL = "-Onone";
			};
			name = Debug;
		};
		H00000000000000000000002 /* Release */ = {
			isa = XCBuildConfiguration;
			buildSettings = {
				ALWAYS_SEARCH_USER_PATHS = NO;
				CLANG_ANALYZER_NONNULL = YES;
				CLANG_ANALYZER_NUMBER_OBJECT_CONVERSION = YES_AGGRESSIVE;
				CLANG_CXX_LANGUAGE_STANDARD = "gnu++20";
				CLANG_ENABLE_MODULES = YES;
				CLANG_ENABLE_OBJC_ARC = YES;
				CLANG_WARN_BLOCK_CAPTURE_AUTORELEASING = YES;
				CLANG_WARN_BOOL_CONVERSION = YES;
				CLANG_WARN_COMMA = YES;
				CLANG_WARN_CONSTANT_CONVERSION = YES;
				CLANG_WARN_DEPRECATED_OBJC_IMPLEMENTATIONS = YES;
				CLANG_WARN_DIRECT_OBJC_ISA_USAGE = YES_ERROR;
				CLANG_WARN_DOCUMENTATION_COMMENTS = YES;
				CLANG_WARN_EMPTY_BODY = YES;
				CLANG_WARN_ENUM_CONVERSION = YES;
				CLANG_WARN_INFINITE_RECURSION = YES;
				CLANG_WARN_INT_CONVERSION = YES;
				CLANG_WARN_NON_LITERAL_NULL_CONVERSION = YES;
				CLANG_WARN_OBJC_IMPLICIT_RETAIN_SELF = YES;
				CLANG_WARN_OBJC_LITERAL_CONVERSION = YES;
				CLANG_WARN_OBJC_ROOT_CLASS = YES_ERROR;
				CLANG_WARN_QUOTED_INCLUDE_IN_FRAMEWORK_HEADER = YES;
				CLANG_WARN_RANGE_LOOP_ANALYSIS = YES;
				CLANG_WARN_STRICT_PROTOTYPES = YES;
				CLANG_WARN_SUSPICIOUS_MOVE = YES;
				CLANG_WARN_UNGUARDED_AVAILABILITY = YES_AGGRESSIVE;
				CLANG_WARN_UNREACHABLE_CODE = YES;
				CLANG_WARN__DUPLICATE_METHOD_MATCH = YES;
				COPY_PHASE_STRIP = NO;
				DEBUG_INFORMATION_FORMAT = "dwarf-with-dsym";
				ENABLE_NS_ASSERTIONS = NO;
				ENABLE_STRICT_OBJC_MSGSEND = YES;
				ENABLE_USER_SCRIPT_SANDBOXING = YES;
				GCC_C_LANGUAGE_STANDARD = gnu17;
				GCC_NO_COMMON_BLOCKS = YES;
				MACOSX_DEPLOYMENT_TARGET = 14.0;
				MTL_ENABLE_DEBUG_INFO = NO;
				MTL_FAST_MATH = YES;
				SDKROOT = macosx;
				SWIFT_COMPILATION_MODE = wholemodule;
			};
			name = Release;
		};
		H00000000000000000000011 /* Debug */ = {
			isa = XCBuildConfiguration;
			buildSettings = {
				ASSETCATALOG_COMPILER_APPICON_NAME = AppIcon;
				CODE_SIGN_STYLE = Automatic;
				CURRENT_PROJECT_VERSION = 1;
				DEAD_CODE_STRIPPING = YES;
				ENABLE_HARDENED_RUNTIME = YES;
				GENERATE_INFOPLIST_FILE = NO;
				INFOPLIST_FILE = GifJot/Info.plist;
				LD_RUNPATH_SEARCH_PATHS = (
					"$(inherited)",
					"@executable_path/../Frameworks",
				);
				MARKETING_VERSION = 0.1.0;
				PRODUCT_BUNDLE_IDENTIFIER = com.gifjot.GifJot;
				PRODUCT_NAME = "$(TARGET_NAME)";
				SWIFT_EMIT_LOC_STRINGS = YES;
				SWIFT_STRICT_CONCURRENCY = targeted;
				SWIFT_VERSION = 5.0;
			};
			name = Debug;
		};
		H00000000000000000000012 /* Release */ = {
			isa = XCBuildConfiguration;
			buildSettings = {
				ASSETCATALOG_COMPILER_APPICON_NAME = AppIcon;
				CODE_SIGN_STYLE = Automatic;
				CURRENT_PROJECT_VERSION = 1;
				DEAD_CODE_STRIPPING = YES;
				ENABLE_HARDENED_RUNTIME = YES;
				GENERATE_INFOPLIST_FILE = NO;
				INFOPLIST_FILE = GifJot/Info.plist;
				LD_RUNPATH_SEARCH_PATHS = (
					"$(inherited)",
					"@executable_path/../Frameworks",
				);
				MARKETING_VERSION = 0.1.0;
				PRODUCT_BUNDLE_IDENTIFIER = com.gifjot.GifJot;
				PRODUCT_NAME = "$(TARGET_NAME)";
				SWIFT_EMIT_LOC_STRINGS = YES;
				SWIFT_STRICT_CONCURRENCY = targeted;
				SWIFT_VERSION = 5.0;
			};
			name = Release;
		};
		H00000000000000000000021 /* Debug */ = {
			isa = XCBuildConfiguration;
			buildSettings = {
				BUNDLE_LOADER = "$(TEST_HOST)";
				CODE_SIGN_STYLE = Automatic;
				GENERATE_INFOPLIST_FILE = YES;
				LD_RUNPATH_SEARCH_PATHS = (
					"$(inherited)",
					"@executable_path/../Frameworks",
					"@loader_path/../Frameworks",
				);
				PRODUCT_BUNDLE_IDENTIFIER = com.gifjot.GifJotTests;
				PRODUCT_NAME = "$(TARGET_NAME)";
				SWIFT_STRICT_CONCURRENCY = targeted;
				SWIFT_VERSION = 5.0;
				TEST_HOST = "$(BUILT_PRODUCTS_DIR)/GifJot.app/Contents/MacOS/GifJot";
			};
			name = Debug;
		};
		H00000000000000000000022 /* Release */ = {
			isa = XCBuildConfiguration;
			buildSettings = {
				BUNDLE_LOADER = "$(TEST_HOST)";
				CODE_SIGN_STYLE = Automatic;
				GENERATE_INFOPLIST_FILE = YES;
				LD_RUNPATH_SEARCH_PATHS = (
					"$(inherited)",
					"@executable_path/../Frameworks",
					"@loader_path/../Frameworks",
				);
				PRODUCT_BUNDLE_IDENTIFIER = com.gifjot.GifJotTests;
				PRODUCT_NAME = "$(TARGET_NAME)";
				SWIFT_STRICT_CONCURRENCY = targeted;
				SWIFT_VERSION = 5.0;
				TEST_HOST = "$(BUILT_PRODUCTS_DIR)/GifJot.app/Contents/MacOS/GifJot";
			};
			name = Release;
		};
/* End XCBuildConfiguration section */

/* Begin XCConfigurationList section */
		G00000000000000000000001 /* Build configuration list for PBXProject "GifJot" */ = {
			isa = XCConfigurationList;
			buildConfigurations = (
				H00000000000000000000001 /* Debug */,
				H00000000000000000000002 /* Release */,
			);
			defaultConfigurationIsVisible = 0;
			defaultConfigurationName = Release;
		};
		G00000000000000000000002 /* Build configuration list for PBXNativeTarget "GifJot" */ = {
			isa = XCConfigurationList;
			buildConfigurations = (
				H00000000000000000000011 /* Debug */,
				H00000000000000000000012 /* Release */,
			);
			defaultConfigurationIsVisible = 0;
			defaultConfigurationName = Release;
		};
		G00000000000000000000003 /* Build configuration list for PBXNativeTarget "GifJotTests" */ = {
			isa = XCConfigurationList;
			buildConfigurations = (
				H00000000000000000000021 /* Debug */,
				H00000000000000000000022 /* Release */,
			);
			defaultConfigurationIsVisible = 0;
			defaultConfigurationName = Release;
		};
/* End XCConfigurationList section */
	};
	rootObject = A00000000000000000000001 /* Project object */;
}
